
Microsoft Visual Studio Solution File, Format Version 12.00
# Visual Studio Version 16
VisualStudioVersion = 16.0.31313.79
MinimumVisualStudioVersion = 10.0.40219.1
Project("{FAE04EC0-301F-11D3-BF4B-00C04F79EFBC}") = "Sistema_inventario", "Sistema_inventario\Sistema_inventario.csproj", "{06BD7E14-62E2-4F1B-B709-A4955C74B4C9}"
EndProject
Global
	GlobalSection(SolutionConfigurationPlatforms) = preSolution
		Debug|Any CPU = Debug|Any CPU
		Release|Any CPU = Release|Any CPU
	EndGlobalSection
	GlobalSection(ProjectConfigurationPlatforms) = postSolution
		{06BD7E14-62E2-4F1B-B709-A4955C74B4C9}.Debug|Any CPU.ActiveCfg = Debug|Any CPU
		{06BD7E14-62E2-4F1B-B709-A4955C74B4C9}.Debug|Any CPU.Build.0 = Debug|Any CPU
		{06BD7E14-62E2-4F1B-B709-A4955C74B4C9}.Release|Any CPU.ActiveCfg = Release|Any CPU
		{06BD7E14-62E2-4F1B-B709-A4955C74B4C9}.Release|Any CPU.Build.0 = Release|Any CPU
	EndGlobalSection
	GlobalSection(SolutionProperties) = preSolution
		HideSolutionNode = FALSE
	EndGlobalSection
	GlobalSection(ExtensibilityGlobals) = postSolution
		SolutionGuid = {CCE8A800-16C7-45C7-891C-25FA9C9F8919}
	EndGlobalSection
EndGlobal
